
Microsoft Visual Studio Solution File, Format Version 12.00
# Visual Studio 15
VisualStudioVersion = 15.0.27130.2036
MinimumVisualStudioVersion = 10.0.40219.1
Project("{FAE04EC0-301F-11D3-BF4B-00C04F79EFBC}") = "SuperAdventure", "SuperAdventure\SuperAdventure.csproj", "{D777D4F0-A037-4158-A1B9-EB793B863E21}"
EndProject
Project("{FAE04EC0-301F-11D3-BF4B-00C04F79EFBC}") = "Engine", "Engine\Engine.csproj", "{0063273C-D4E2-44D9-8152-6E82FB2F89DA}"
EndProject
Global
	GlobalSection(SolutionConfigurationPlatforms) = preSolution
		Debug|Any CPU = Debug|Any CPU
		Release|Any CPU = Release|Any CPU
	EndGlobalSection
	GlobalSection(ProjectConfigurationPlatforms) = postSolution
		{D777D4F0-A037-4158-A1B9-EB793B863E21}.Debug|Any CPU.ActiveCfg = Debug|Any CPU
		{D777D4F0-A037-4158-A1B9-EB793B863E21}.Debug|Any CPU.Build.0 = Debug|Any CPU
		{D777D4F0-A037-4158-A1B9-EB793B863E21}.Release|Any CPU.ActiveCfg = Release|Any CPU
		{D777D4F0-A037-4158-A1B9-EB793B863E21}.Release|Any CPU.Build.0 = Release|Any CPU
		{0063273C-D4E2-44D9-8152-6E82FB2F89DA}.Debug|Any CPU.ActiveCfg = Debug|Any CPU
		{0063273C-D4E2-44D9-8152-6E82FB2F89DA}.Debug|Any CPU.Build.0 = Debug|Any CPU
		{0063273C-D4E2-44D9-8152-6E82FB2F89DA}.Release|Any CPU.ActiveCfg = Release|Any CPU
		{0063273C-D4E2-44D9-8152-6E82FB2F89DA}.Release|Any CPU.Build.0 = Release|Any CPU
	EndGlobalSection
	GlobalSection(SolutionProperties) = preSolution
		HideSolutionNode = FALSE
	EndGlobalSection
	GlobalSection(ExtensibilityGlobals) = postSolution
		SolutionGuid = {A6D71D58-33F6-4F23-B873-4D374862BC55}
	EndGlobalSection
EndGlobal
